{
  "lockfile-version": 1,
  "manifest": {
    "schema-version": "1.10.0",
    "install": {
      "curl": {
        "pkg-path": "curl",
        "outputs": "all"
      },
      "direnv": {
        "pkg-path": "direnv"
      },
      "git": {
        "pkg-path": "git"
      },
      "git-cliff": {
        "pkg-path": "git-cliff"
      },
      "gnumake": {
        "pkg-path": "gnumake",
        "outputs": "all"
      },
      "go": {
        "pkg-path": "go"
      },
      "golangci-lint": {
        "pkg-path": "golangci-lint"
      },
      "kubectl": {
        "pkg-path": "kubectl"
      },
      "nodejs": {
        "pkg-path": "nodejs"
      },
      "nushell": {
        "pkg-path": "nushell"
      },
      "openssh": {
        "pkg-path": "openssh"
      },
      "oras": {
        "pkg-path": "oras"
      },
      "syft": {
        "pkg-path": "syft"
      },
      "talosctl": {
        "pkg-path": "talosctl"
      },
      "tilt": {
        "pkg-path": "tilt"
      }
    },
    "hook": {},
    "profile": {},
    "options": {
      "systems": [
        "aarch64-linux",
        "x86_64-linux"
      ]
    }
  },
  "packages": [
    {
      "attr_path": "curl",
      "broken": false,
      "derivation": "/nix/store/sbj1ds2n743q4zhfccjaylg7jvjp9q9n-curl-8.17.0.drv",
      "description": "Command line tool for transferring files with URL syntax",
      "install_id": "curl",
      "license": "curl",
      "locked_url": "https://github.com/flox/nixpkgs?rev=0182a361324364ae3f436a63005877674cf45efb",
      "name": "curl-8.17.0",
      "pname": "curl",
      "rev": "0182a361324364ae3f436a63005877674cf45efb",
      "rev_count": 948083,
      "rev_date": "2026-02-17T23:04:30Z",
      "scrape_date": "2026-02-19T05:12:54.299111Z",
      "stabilities": [
        "unstable",
        "staging"
      ],
      "unfree": false,
      "version": "8.17.0",
      "outputs_to_install": [
        "bin",
        "bin",
        "man",
        "man"
      ],
      "outputs": {
        "bin": "/nix/store/wqz5jf32ywajllzfry6gjxhddbh21lvs-curl-8.17.0-bin",
        "debug": "/nix/store/vwgx2lvkk8kygx6006a81qhb48f9hn7f-curl-8.17.0-debug",
        "dev": "/nix/store/638hqfczwic54cln0cavh38l1a140ij3-curl-8.17.0-dev",
        "devdoc": "/nix/store/gl74x82b8xiprhpqnw86rvha06gjzk8v-curl-8.17.0-devdoc",
        "man": "/nix/store/9bpk7v03yq152wvf5rbv7pr7f5mvj7xp-curl-8.17.0-man",
        "out": "/nix/store/7rls1f8815qd0b6lgicc53jwl7qs3fa2-curl-8.17.0"
      },
      "system": "aarch64-linux",
      "group": "toplevel",
      "priority": 5
    },
    {
      "attr_path": "curl",
      "broken": false,
      "derivation": "/nix/store/a1kpbbk1lnnaw2gl5pffs92hxm54mjpm-curl-8.17.0.drv",
      "description": "Command line tool for transferring files with URL syntax",
      "install_id": "curl",
      "license": "curl",
      "locked_url": "https://github.com/flox/nixpkgs?rev=0182a361324364ae3f436a63005877674cf45efb",
      "name": "curl-8.17.0",
      "pname": "curl",
      "rev": "0182a361324364ae3f436a63005877674cf45efb",
      "rev_count": 948083,
      "rev_date": "2026-02-17T23:04:30Z",
      "scrape_date": "2026-02-19T06:23:23.402714Z",
      "stabilities": [
        "unstable",
        "staging"
      ],
      "unfree": false,
      "version": "8.17.0",
      "outputs_to_install": [
        "bin",
        "bin",
        "man",
        "man"
      ],
      "outputs": {
        "bin": "/nix/store/jqfr3p49g3lch84y45jfzw9fshlv8jyp-curl-8.17.0-bin",
        "debug": "/nix/store/lhdva5pd84cx2bm7gymrm7x75m95s3gb-curl-8.17.0-debug",
        "dev": "/nix/store/gy73p60881n9nagq7grffjgy4ycw9a85-curl-8.17.0-dev",
        "devdoc": "/nix/store/74hjnnn67f1ax4mkx4nwbcxaih6k5hrv-curl-8.17.0-devdoc",
        "man": "/nix/store/msaigk8gy4rikyxbxiqksh8njd5dx13h-curl-8.17.0-man",
        "out": "/nix/store/8ylzjm58ghiq60vklfy58j14sgryjjzw-curl-8.17.0"
      },
      "system": "x86_64-linux",
      "group": "toplevel",
      "priority": 5
    },
    {
      "attr_path": "direnv",
      "broken": false,
      "derivation": "/nix/store/kycmqa04gpn5p51hdivc6lwx9drjr6ln-direnv-2.37.1.drv",
      "description": "Shell extension that manages your environment",
      "install_id": "direnv",
      "license": "MIT",
      "locked_url": "https://github.com/flox/nixpkgs?rev=0182a361324364ae3f436a63005877674cf45efb",
      "name": "direnv-2.37.1",
      "pname": "direnv",
      "rev": "0182a361324364ae3f436a63005877674cf45efb",
      "rev_count": 948083,
      "rev_date": "2026-02-17T23:04:30Z",
      "scrape_date": "2026-02-19T05:12:54.444616Z",
      "stabilities": [
        "unstable",
        "staging"
      ],
      "unfree": false,
      "version": "2.37.1",
      "outputs_to_install": [
        "out"
      ],
      "outputs": {
        "out": "/nix/store/bpkmfw0kx8wyqwf6b0yz4hdjni3jar05-direnv-2.37.1"
      },
      "system": "aarch64-linux",
      "group": "toplevel",
      "priority": 5
    },
    {
      "attr_path": "direnv",
      "broken": false,
      "derivation": "/nix/store/zlli5aslji83g1399m13pay7cs35jb59-direnv-2.37.1.drv",
      "description": "Shell extension that manages your environment",
      "install_id": "direnv",
      "license": "MIT",
      "locked_url": "https://github.com/flox/nixpkgs?rev=0182a361324364ae3f436a63005877674cf45efb",
      "name": "direnv-2.37.1",
      "pname": "direnv",
      "rev": "0182a361324364ae3f436a63005877674cf45efb",
      "rev_count": 948083,
      "rev_date": "2026-02-17T23:04:30Z",
      "scrape_date": "2026-02-19T06:23:23.563470Z",
      "stabilities": [
        "unstable",
        "staging"
      ],
      "unfree": false,
      "version": "2.37.1",
      "outputs_to_install": [
        "out"
      ],
      "outputs": {
        "out": "/nix/store/aqm6npczf3rnavcxihwvz7c8r6i6dw9q-direnv-2.37.1"
      },
      "system": "x86_64-linux",
      "group": "toplevel",
      "priority": 5
    },
    {
      "attr_path": "git",
      "broken": false,
      "derivation": "/nix/store/xh28gpzhgrisb6hvk986vvswa75l6bhw-git-2.52.0.drv",
      "description": "Distributed version control system",
      "install_id": "git",
      "license": "GPL-2.0",
      "locked_url": "https://github.com/flox/nixpkgs?rev=0182a361324364ae3f436a63005877674cf45efb",
      "name": "git-2.52.0",
      "pname": "git",
      "rev": "0182a361324364ae3f436a63005877674cf45efb",
      "rev_count": 948083,
      "rev_date": "2026-02-17T23:04:30Z",
      "scrape_date": "2026-02-19T05:12:55.399120Z",
      "stabilities": [
        "unstable",
        "staging"
      ],
      "unfree": false,
      "version": "2.52.0",
      "outputs_to_install": [
        "out"
      ],
      "outputs": {
        "debug": "/nix/store/cx033x4nmr12d9dcn8hxjfrajc3983f0-git-2.52.0-debug",
        "doc": "/nix/store/ylsmgdrnp78p8hn7n9lxpada78dka41v-git-2.52.0-doc",
        "out": "/nix/store/sd4bjblxfljbm13mpl50x8g336gw2dri-git-2.52.0"
      },
      "system": "aarch64-linux",
      "group": "toplevel",
      "priority": 5
    },
    {
      "attr_path": "git",
      "broken": false,
      "derivation": "/nix/store/b5a7flvc1aq2h7pfgr756p7wpyjydzv9-git-2.52.0.drv",
      "description": "Distributed version control system",
      "install_id": "git",
      "license": "GPL-2.0",
      "locked_url": "https://github.com/flox/nixpkgs?rev=0182a361324364ae3f436a63005877674cf45efb",
      "name": "git-2.52.0",
      "pname": "git",
      "rev": "0182a361324364ae3f436a63005877674cf45efb",
      "rev_count": 948083,
      "rev_date": "2026-02-17T23:04:30Z",
      "scrape_date": "2026-02-19T06:23:24.573388Z",
      "stabilities": [
        "unstable",
        "staging"
      ],
      "unfree": false,
      "version": "2.52.0",
      "outputs_to_install": [
        "out"
      ],
      "outputs": {
        "debug": "/nix/store/zd8di23fmzjwrhb5ij1bjnlfqkx9j7d6-git-2.52.0-debug",
        "doc": "/nix/store/d8kc4kqzcrbcj92msxrpdsdjglh2q5gp-git-2.52.0-doc",
        "out": "/nix/store/ipwndaag56mm8g8gn8j98z0jvn8x4mk1-git-2.52.0"
      },
      "system": "x86_64-linux",
      "group": "toplevel",
      "priority": 5
    },
    {
      "attr_path": "git-cliff",
      "broken": false,
      "derivation": "/nix/store/87rs7w5bd9m0y17wn6hbhk0xr2y3y4wn-git-cliff-2.12.0.drv",
      "description": "Highly customizable Changelog Generator that follows Conventional Commit specifications",
      "install_id": "git-cliff",
      "license": "GPL-3.0-only",
      "locked_url": "https://github.com/flox/nixpkgs?rev=0182a361324364ae3f436a63005877674cf45efb",
      "name": "git-cliff-2.12.0",
      "pname": "git-cliff",
      "rev": "0182a361324364ae3f436a63005877674cf45efb",
      "rev_count": 948083,
      "rev_date": "2026-02-17T23:04:30Z",
      "scrape_date": "2026-02-19T05:12:55.408977Z",
      "stabilities": [
        "unstable",
        "staging"
      ],
      "unfree": false,
      "version": "2.12.0",
      "outputs_to_install": [
        "out"
      ],
      "outputs": {
        "out": "/nix/store/ayi8wm9aay5819i35azawdqji88pvwwc-git-cliff-2.12.0"
      },
      "system": "aarch64-linux",
      "group": "toplevel",
      "priority": 5
    },
    {
      "attr_path": "git-cliff",
      "broken": false,
      "derivation": "/nix/store/rq172936pq5ymn1n84gbjhyi9085xj2l-git-cliff-2.12.0.drv",
      "description": "Highly customizable Changelog Generator that follows Conventional Commit specifications",
      "install_id": "git-cliff",
      "license": "GPL-3.0-only",
      "locked_url": "https://github.com/flox/nixpkgs?rev=0182a361324364ae3f436a63005877674cf45efb",
      "name": "git-cliff-2.12.0",
      "pname": "git-cliff",
      "rev": "0182a361324364ae3f436a63005877674cf45efb",
      "rev_count": 948083,
      "rev_date": "2026-02-17T23:04:30Z",
      "scrape_date": "2026-02-19T06:23:24.583975Z",
      "stabilities": [
        "unstable",
        "staging"
      ],
      "unfree": false,
      "version": "2.12.0",
      "outputs_to_install": [
        "out"
      ],
      "outputs": {
        "out": "/nix/store/3lm7am3fk2g7na9dc7hjnbqa3sr9wkaq-git-cliff-2.12.0"
      },
      "system": "x86_64-linux",
      "group": "toplevel",
      "priority": 5
    },
    {
      "attr_path": "gnumake",
      "broken": false,
      "derivation": "/nix/store/n3nk5kyi8ckasq265skqni13m34d2v20-gnumake-4.4.1.drv",
      "description": "Tool to control the generation of non-source files from sources",
      "install_id": "gnumake",
      "license": "GPL-3.0-or-later",
      "locked_url": "https://github.com/flox/nixpkgs?rev=0182a361324364ae3f436a63005877674cf45efb",
      "name": "gnumake-4.4.1",
      "pname": "gnumake",
      "rev": "0182a361324364ae3f436a63005877674cf45efb",
      "rev_count": 948083,
      "rev_date": "2026-02-17T23:04:30Z",
      "scrape_date": "2026-02-19T05:12:55.991495Z",
      "stabilities": [
        "unstable",
        "staging"
      ],
      "unfree": false,
      "version": "4.4.1",
      "outputs_to_install": [
        "man",
        "man",
        "out",
        "out"
      ],
      "outputs": {
        "debug": "/nix/store/4wnafz38wr2jld58vr5j41b6mc4n26r6-gnumake-4.4.1-debug",
        "doc": "/nix/store/15r3aanv0lh7mqi1gm3l8blpcnp05qzy-gnumake-4.4.1-doc",
        "info": "/nix/store/gjd78rqz1k94n1c2s2kip126f8gjbb6g-gnumake-4.4.1-info",
        "man": "/nix/store/i0rnnv9fm87c0228z34pgvk24ifqn6bm-gnumake-4.4.1-man",
        "out": "/nix/store/z9wllcd2plhx8863ka0zfh0mffxm6jir-gnumake-4.4.1"
      },
      "system": "aarch64-linux",
      "group": "toplevel",
      "priority": 5
    },
    {
      "attr_path": "gnumake",
      "broken": false,
      "derivation": "/nix/store/cy06y5fkvbiif016ab9icsj7vqyyiky1-gnumake-4.4.1.drv",
      "description": "Tool to control the generation of non-source files from sources",
      "install_id": "gnumake",
      "license": "GPL-3.0-or-later",
      "locked_url": "https://github.com/flox/nixpkgs?rev=0182a361324364ae3f436a63005877674cf45efb",
      "name": "gnumake-4.4.1",
      "pname": "gnumake",
      "rev": "0182a361324364ae3f436a63005877674cf45efb",
      "rev_count": 948083,
      "rev_date": "2026-02-17T23:04:30Z",
      "scrape_date": "2026-02-19T06:23:25.239208Z",
      "stabilities": [
        "unstable",
        "staging"
      ],
      "unfree": false,
      "version": "4.4.1",
      "outputs_to_install": [
        "man",
        "out"
      ],
      "outputs": {
        "debug": "/nix/store/fa0f3msdrc5il96nn5qvrbhf6779vvh1-gnumake-4.4.1-debug",
        "doc": "/nix/store/j2vz6gm38023yfg359cnawzvabqc0w9v-gnumake-4.4.1-doc",
        "info": "/nix/store/2pqq9mdchp0s0cgl1qqql38v502kbdi1-gnumake-4.4.1-info",
        "man": "/nix/store/an38a5jy0ivp1504yjbzgl4prvhjnix7-gnumake-4.4.1-man",
        "out": "/nix/store/5lyy21zm97pj8l67r2xapdkxpxb6v6y0-gnumake-4.4.1"
      },
      "system": "x86_64-linux",
      "group": "toplevel",
      "priority": 5
    },
    {
      "attr_path": "go",
      "broken": false,
      "derivation": "/nix/store/32f3plvjz6apyxgi010l0c0ngqydzbyj-go-1.25.5.drv",
      "description": "Go Programming language",
      "install_id": "go",
      "license": "BSD-3-Clause",
      "locked_url": "https://github.com/flox/nixpkgs?rev=0182a361324364ae3f436a63005877674cf45efb",
      "name": "go-1.25.5",
      "pname": "go",
      "rev": "0182a361324364ae3f436a63005877674cf45efb",
      "rev_count": 948083,
      "rev_date": "2026-02-17T23:04:30Z",
      "scrape_date": "2026-02-19T05:12:56.006200Z",
      "stabilities": [
        "unstable",
        "staging"
      ],
      "unfree": false,
      "version": "1.25.5",
      "outputs_to_install": [
        "out"
      ],
      "outputs": {
        "out": "/nix/store/k3knzdi0v21bf2m7vcxpdy1jnqg1h0zk-go-1.25.5"
      },
      "system": "aarch64-linux",
      "group": "toplevel",
      "priority": 5
    },
    {
      "attr_path": "go",
      "broken": false,
      "derivation": "/nix/store/3xvlqyw28f7hk7qmk3f18pzi6c7ymzy8-go-1.25.5.drv",
      "description": "Go Programming language",
      "install_id": "go",
      "license": "BSD-3-Clause",
      "locked_url": "https://github.com/flox/nixpkgs?rev=0182a361324364ae3f436a63005877674cf45efb",
      "name": "go-1.25.5",
      "pname": "go",
      "rev": "0182a361324364ae3f436a63005877674cf45efb",
      "rev_count": 948083,
      "rev_date": "2026-02-17T23:04:30Z",
      "scrape_date": "2026-02-19T06:23:25.254913Z",
      "stabilities": [
        "unstable",
        "staging"
      ],
      "unfree": false,
      "version": "1.25.5",
      "outputs_to_install": [
        "out",
        "out",
        "out",
        "out",
        "out"
      ],
      "outputs": {
        "out": "/nix/store/zzvsjgylnphvhms3lgr2qlwdxmc68z66-go-1.25.5"
      },
      "system": "x86_64-linux",
      "group": "toplevel",
      "priority": 5
    },
    {
      "attr_path": "golangci-lint",
      "broken": false,
      "derivation": "/nix/store/5qy1ns5iviscrrmr03mnja9i4ai6rmb5-golangci-lint-2.10.1.drv",
      "description": "Fast linters Runner for Go",
      "install_id": "golangci-lint",
      "license": "GPL-3.0-or-later",
      "locked_url": "https://github.com/flox/nixpkgs?rev=0182a361324364ae3f436a63005877674cf45efb",
      "name": "golangci-lint-2.10.1",
      "pname": "golangci-lint",
      "rev": "0182a361324364ae3f436a63005877674cf45efb",
      "rev_count": 948083,
      "rev_date": "2026-02-17T23:04:30Z",
      "scrape_date": "2026-02-19T05:12:56.102620Z",
      "stabilities": [
        "unstable",
        "staging"
      ],
      "unfree": false,
      "version": "2.10.1",
      "outputs_to_install": [
        "out"
      ],
      "outputs": {
        "out": "/nix/store/d62cz4yb539xv94g2vh7i4b8knykx66f-golangci-lint-2.10.1"
      },
      "system": "aarch64-linux",
      "group": "toplevel",
      "priority": 5
    },
    {
      "attr_path": "golangci-lint",
      "broken": false,
      "derivation": "/nix/store/wx1w8vkn0645v2gv3dvldk08xf816yj9-golangci-lint-2.10.1.drv",
      "description": "Fast linters Runner for Go",
      "install_id": "golangci-lint",
      "license": "GPL-3.0-or-later",
      "locked_url": "https://github.com/flox/nixpkgs?rev=0182a361324364ae3f436a63005877674cf45efb",
      "name": "golangci-lint-2.10.1",
      "pname": "golangci-lint",
      "rev": "0182a361324364ae3f436a63005877674cf45efb",
      "rev_count": 948083,
      "rev_date": "2026-02-17T23:04:30Z",
      "scrape_date": "2026-02-19T06:23:25.353931Z",
      "stabilities": [
        "unstable",
        "staging"
      ],
      "unfree": false,
      "version": "2.10.1",
      "outputs_to_install": [
        "out"
      ],
      "outputs": {
        "out": "/nix/store/vw87yalwqrq8k0rcmvnsrdklywgv29vw-golangci-lint-2.10.1"
      },
      "system": "x86_64-linux",
      "group": "toplevel",
      "priority": 5
    },
    {
      "attr_path": "kubectl",
      "broken": false,
      "derivation": "/nix/store/d0fi55m5sgfdvwbpv5gz9hdvv83n0bdv-kubectl-1.35.0.drv",
      "description": "Kubernetes CLI",
      "install_id": "kubectl",
      "license": "Apache-2.0",
      "locked_url": "https://github.com/flox/nixpkgs?rev=0182a361324364ae3f436a63005877674cf45efb",
      "name": "kubectl-1.35.0",
      "pname": "kubectl",
      "rev": "0182a361324364ae3f436a63005877674cf45efb",
      "rev_count": 948083,
      "rev_date": "2026-02-17T23:04:30Z",
      "scrape_date": "2026-02-19T05:13:16.773359Z",
      "stabilities": [
        "unstable",
        "staging"
      ],
      "unfree": false,
      "version": "1.35.0",
      "outputs_to_install": [
        "man",
        "out"
      ],
      "outputs": {
        "convert": "/nix/store/9a0ydkrx3913kc0lh8n66krqrfw0shic-kubectl-1.35.0-convert",
        "man": "/nix/store/w3lwvsf2rrc96hwrdmddysh53jqbyrkw-kubectl-1.35.0-man",
        "out": "/nix/store/slvg6v110rgl0rdxiwcx5z8h4ihwzk2n-kubectl-1.35.0"
      },
      "system": "aarch64-linux",
      "group": "toplevel",
      "priority": 5
    },
    {
      "attr_path": "kubectl",
      "broken": false,
      "derivation": "/nix/store/h74cp0ypq9znqijdw2qgz9rb3z0d4kv3-kubectl-1.35.0.drv",
      "description": "Kubernetes CLI",
      "install_id": "kubectl",
      "license": "Apache-2.0",
      "locked_url": "https://github.com/flox/nixpkgs?rev=0182a361324364ae3f436a63005877674cf45efb",
      "name": "kubectl-1.35.0",
      "pname": "kubectl",
      "rev": "0182a361324364ae3f436a63005877674cf45efb",
      "rev_count": 948083,
      "rev_date": "2026-02-17T23:04:30Z",
      "scrape_date": "2026-02-19T06:23:46.940594Z",
      "stabilities": [
        "unstable",
        "staging"
      ],
      "unfree": false,
      "version": "1.35.0",
      "outputs_to_install": [
        "man",
        "out"
      ],
      "outputs": {
        "convert": "/nix/store/2q064kbjqdx6qrgly8x9qrnhqd36hgh1-kubectl-1.35.0-convert",
        "man": "/nix/store/7bj4hrglli66cnjnrqd9mgz3if4zy8wh-kubectl-1.35.0-man",
        "out": "/nix/store/8lc27xwmca9pxv5v3p3y7yan5dlxwzvb-kubectl-1.35.0"
      },
      "system": "x86_64-linux",
      "group": "toplevel",
      "priority": 5
    },
    {
      "attr_path": "nodejs",
      "broken": false,
      "derivation": "/nix/store/l64r4vxgdpi0jxp27mvr9sj2c2mq2cys-nodejs-24.13.0.drv",
      "description": "Event-driven I/O framework for the V8 JavaScript engine",
      "install_id": "nodejs",
      "license": "MIT",
      "locked_url": "https://github.com/flox/nixpkgs?rev=0182a361324364ae3f436a63005877674cf45efb",
      "name": "nodejs-24.13.0",
      "pname": "nodejs",
      "rev": "0182a361324364ae3f436a63005877674cf45efb",
      "rev_count": 948083,
      "rev_date": "2026-02-17T23:04:30Z",
      "scrape_date": "2026-02-19T05:13:32.346309Z",
      "stabilities": [
        "unstable",
        "staging"
      ],
      "unfree": false,
      "version": "24.13.0",
      "outputs_to_install": [
        "out"
      ],
      "outputs": {
        "dev": "/nix/store/qk4n3r5bvqzvpaq1qbpwwf47zg51wrhq-nodejs-24.13.0-dev",
        "libv8": "/nix/store/rh9dg0mdq0hnp4cbdy4zdbmy6hnhxcfh-nodejs-24.13.0-libv8",
        "out": "/nix/store/rpyb0275h916mxx8a0cm7yavm4qbr4j9-nodejs-24.13.0"
      },
      "system": "aarch64-linux",
      "group": "toplevel",
      "priority": 5
    },
    {
      "attr_path": "nodejs",
      "broken": false,
      "derivation": "/nix/store/qk40027pvikybl0lvr1wmia9n8ljf99c-nodejs-24.13.0.drv",
      "description": "Event-driven I/O framework for the V8 JavaScript engine",
      "install_id": "nodejs",
      "license": "MIT",
      "locked_url": "https://github.com/flox/nixpkgs?rev=0182a361324364ae3f436a63005877674cf45efb",
      "name": "nodejs-24.13.0",
      "pname": "nodejs",
      "rev": "0182a361324364ae3f436a63005877674cf45efb",
      "rev_count": 948083,
      "rev_date": "2026-02-17T23:04:30Z",
      "scrape_date": "2026-02-19T06:24:05.313886Z",
      "stabilities": [
        "unstable",
        "staging"
      ],
      "unfree": false,
      "version": "24.13.0",
      "outputs_to_install": [
        "out"
      ],
      "outputs": {
        "dev": "/nix/store/hc7fav9y6ai53nqbbpjxprwnkakl1w2d-nodejs-24.13.0-dev",
        "libv8": "/nix/store/z7m56hl4rzdrfhnnkwig0ibzs1qz1x5d-nodejs-24.13.0-libv8",
        "out": "/nix/store/9cyx2v23dip6p9q98384k9v06c96qskb-nodejs-24.13.0"
      },
      "system": "x86_64-linux",
      "group": "toplevel",
      "priority": 5
    },
    {
      "attr_path": "nushell",
      "broken": false,
      "derivation": "/nix/store/2kb958bfh1645z9k77i8xjfxyk9flnsm-nushell-0.110.0.drv",
      "description": "Modern shell written in Rust",
      "install_id": "nushell",
      "license": "MIT",
      "locked_url": "https://github.com/flox/nixpkgs?rev=0182a361324364ae3f436a63005877674cf45efb",
      "name": "nushell-0.110.0",
      "pname": "nushell",
      "rev": "0182a361324364ae3f436a63005877674cf45efb",
      "rev_count": 948083,
      "rev_date": "2026-02-17T23:04:30Z",
      "scrape_date": "2026-02-19T05:13:32.755900Z",
      "stabilities": [
        "unstable",
        "staging"
      ],
      "unfree": false,
      "version": "0.110.0",
      "outputs_to_install": [
        "out"
      ],
      "outputs": {
        "out": "/nix/store/dsbxdp9k7i0mppsf04mss0sg09w3s54z-nushell-0.110.0"
      },
      "system": "aarch64-linux",
      "group": "toplevel",
      "priority": 5
    },
    {
      "attr_path": "nushell",
      "broken": false,
      "derivation": "/nix/store/ra1dkb5wynmbq406bnjk5w1b97ay5f7k-nushell-0.110.0.drv",
      "description": "Modern shell written in Rust",
      "install_id": "nushell",
      "license": "MIT",
      "locked_url": "https://github.com/flox/nixpkgs?rev=0182a361324364ae3f436a63005877674cf45efb",
      "name": "nushell-0.110.0",
      "pname": "nushell",
      "rev": "0182a361324364ae3f436a63005877674cf45efb",
      "rev_count": 948083,
      "rev_date": "2026-02-17T23:04:30Z",
      "scrape_date": "2026-02-19T06:24:05.826781Z",
      "stabilities": [
        "unstable",
        "staging"
      ],
      "unfree": false,
      "version": "0.110.0",
      "outputs_to_install": [
        "out"
      ],
      "outputs": {
        "out": "/nix/store/fh6j6rx8vfmn41pibmzhshq57d5mlxc8-nushell-0.110.0"
      },
      "system": "x86_64-linux",
      "group": "toplevel",
      "priority": 5
    },
    {
      "attr_path": "openssh",
      "broken": false,
      "derivation": "/nix/store/prb5mzbfgk2waks3jvhgbb7j979smsb9-openssh-10.2p1.drv",
      "description": "Implementation of the SSH protocol",
      "install_id": "openssh",
      "license": "BSD-2-Clause",
      "locked_url": "https://github.com/flox/nixpkgs?rev=0182a361324364ae3f436a63005877674cf45efb",
      "name": "openssh-10.2p1",
      "pname": "openssh",
      "rev": "0182a361324364ae3f436a63005877674cf45efb",
      "rev_count": 948083,
      "rev_date": "2026-02-17T23:04:30Z",
      "scrape_date": "2026-02-19T05:13:39.411909Z",
      "stabilities": [
        "unstable",
        "staging"
      ],
      "unfree": false,
      "version": "10.2p1",
      "outputs_to_install": [
        "man",
        "out"
      ],
      "outputs": {
        "dev": "/nix/store/sqdlnxzhxbldan5d3037hr76idgv6gqm-openssh-10.2p1-dev",
        "man": "/nix/store/civ3bmy8vmbwdx4mjg5mhmkbhs97zwvj-openssh-10.2p1-man",
        "out": "/nix/store/sxzcrcqf4dl3ap4r0a8hrkszwx2zbfj9-openssh-10.2p1"
      },
      "system": "aarch64-linux",
      "group": "toplevel",
      "priority": 5
    },
    {
      "attr_path": "openssh",
      "broken": false,
      "derivation": "/nix/store/cimzs4r9i0279acc7sjqs6bnrlnq2hr1-openssh-10.2p1.drv",
      "description": "Implementation of the SSH protocol",
      "install_id": "openssh",
      "license": "BSD-2-Clause",
      "locked_url": "https://github.com/flox/nixpkgs?rev=0182a361324364ae3f436a63005877674cf45efb",
      "name": "openssh-10.2p1",
      "pname": "openssh",
      "rev": "0182a361324364ae3f436a63005877674cf45efb",
      "rev_count": 948083,
      "rev_date": "2026-02-17T23:04:30Z",
      "scrape_date": "2026-02-19T06:24:13.181939Z",
      "stabilities": [
        "unstable",
        "staging"
      ],
      "unfree": false,
      "version": "10.2p1",
      "outputs_to_install": [
        "man",
        "out"
      ],
      "outputs": {
        "dev": "/nix/store/cccwwgpkf42pxif5pvdzhr16jiirwjnv-openssh-10.2p1-dev",
        "man": "/nix/store/942yj3apvf8r0xs8f6qh061cdry5dxwc-openssh-10.2p1-man",
        "out": "/nix/store/50jp3q2sjgw4shh0sgx9il1h005fpp8s-openssh-10.2p1"
      },
      "system": "x86_64-linux",
      "group": "toplevel",
      "priority": 5
    },
    {
      "attr_path": "oras",
      "broken": false,
      "derivation": "/nix/store/xy1qs08vyxzvh3jzd8yj98qjw3ml0xr4-oras-1.3.0.drv",
      "description": "Distribute artifacts across OCI registries with ease",
      "install_id": "oras",
      "license": "Apache-2.0",
      "locked_url": "https://github.com/flox/nixpkgs?rev=0182a361324364ae3f436a63005877674cf45efb",
      "name": "oras-1.3.0",
      "pname": "oras",
      "rev": "0182a361324364ae3f436a63005877674cf45efb",
      "rev_count": 948083,
      "rev_date": "2026-02-17T23:04:30Z",
      "scrape_date": "2026-02-19T05:13:39.707581Z",
      "stabilities": [
        "unstable",
        "staging"
      ],
      "unfree": false,
      "version": "1.3.0",
      "outputs_to_install": [
        "out"
      ],
      "outputs": {
        "out": "/nix/store/mmvk4njyf4akkvar54wvpjbmgwg6qw70-oras-1.3.0"
      },
      "system": "aarch64-linux",
      "group": "toplevel",
      "priority": 5
    },
    {
      "attr_path": "oras",
      "broken": false,
      "derivation": "/nix/store/wkpnb678sx77mxpmkn5lnbfq53pxp86v-oras-1.3.0.drv",
      "description": "Distribute artifacts across OCI registries with ease",
      "install_id": "oras",
      "license": "Apache-2.0",
      "locked_url": "https://github.com/flox/nixpkgs?rev=0182a361324364ae3f436a63005877674cf45efb",
      "name": "oras-1.3.0",
      "pname": "oras",
      "rev": "0182a361324364ae3f436a63005877674cf45efb",
      "rev_count": 948083,
      "rev_date": "2026-02-17T23:04:30Z",
      "scrape_date": "2026-02-19T06:24:13.497546Z",
      "stabilities": [
        "unstable",
        "staging"
      ],
      "unfree": false,
      "version": "1.3.0",
      "outputs_to_install": [
        "out"
      ],
      "outputs": {
        "out": "/nix/store/gijpfiqpx30dk1wdiqvwn3757g7mjjb0-oras-1.3.0"
      },
      "system": "x86_64-linux",
      "group": "toplevel",
      "priority": 5
    },
    {
      "attr_path": "syft",
      "broken": false,
      "derivation": "/nix/store/d7k5s583gr5imvbp3wxjv23ffydncx1r-syft-1.41.2.drv",
      "description": "CLI tool and library for generating a Software Bill of Materials from container images and filesystems",
      "install_id": "syft",
      "license": "[ Apache-2.0 ]",
      "locked_url": "https://github.com/flox/nixpkgs?rev=0182a361324364ae3f436a63005877674cf45efb",
      "name": "syft-1.41.2",
      "pname": "syft",
      "rev": "0182a361324364ae3f436a63005877674cf45efb",
      "rev_count": 948083,
      "rev_date": "2026-02-17T23:04:30Z",
      "scrape_date": "2026-02-19T05:15:23.759226Z",
      "stabilities": [
        "unstable",
        "staging"
      ],
      "unfree": false,
      "version": "1.41.2",
      "outputs_to_install": [
        "out"
      ],
      "outputs": {
        "out": "/nix/store/wj7vn3smynmgndmwjgsm25ls1d58ljg4-syft-1.41.2"
      },
      "system": "aarch64-linux",
      "group": "toplevel",
      "priority": 5
    },
    {
      "attr_path": "syft",
      "broken": false,
      "derivation": "/nix/store/wza2l1q1rddwk8vhq3w2b3w12rpkx0j5-syft-1.41.2.drv",
      "description": "CLI tool and library for generating a Software Bill of Materials from container images and filesystems",
      "install_id": "syft",
      "license": "[ Apache-2.0 ]",
      "locked_url": "https://github.com/flox/nixpkgs?rev=0182a361324364ae3f436a63005877674cf45efb",
      "name": "syft-1.41.2",
      "pname": "syft",
      "rev": "0182a361324364ae3f436a63005877674cf45efb",
      "rev_count": 948083,
      "rev_date": "2026-02-17T23:04:30Z",
      "scrape_date": "2026-02-19T06:26:05.152671Z",
      "stabilities": [
        "unstable",
        "staging"
      ],
      "unfree": false,
      "version": "1.41.2",
      "outputs_to_install": [
        "out"
      ],
      "outputs": {
        "out": "/nix/store/zgjgi52c4rg4pyxcwibspw6vvxhqzk32-syft-1.41.2"
      },
      "system": "x86_64-linux",
      "group": "toplevel",
      "priority": 5
    },
    {
      "attr_path": "talosctl",
      "broken": false,
      "derivation": "/nix/store/k9600ra1m22s6p59snbd77xb21qn0ghd-talosctl-1.12.3.drv",
      "description": "CLI for out-of-band management of Kubernetes nodes created by Talos",
      "install_id": "talosctl",
      "license": "MPL-2.0",
      "locked_url": "https://github.com/flox/nixpkgs?rev=0182a361324364ae3f436a63005877674cf45efb",
      "name": "talosctl-1.12.3",
      "pname": "talosctl",
      "rev": "0182a361324364ae3f436a63005877674cf45efb",
      "rev_count": 948083,
      "rev_date": "2026-02-17T23:04:30Z",
      "scrape_date": "2026-02-19T05:15:24.340150Z",
      "stabilities": [
        "unstable",
        "staging"
      ],
      "unfree": false,
      "version": "1.12.3",
      "outputs_to_install": [
        "out"
      ],
      "outputs": {
        "out": "/nix/store/dv16m4064v0rvhc91z90w1haps701n6z-talosctl-1.12.3"
      },
      "system": "aarch64-linux",
      "group": "toplevel",
      "priority": 5
    },
    {
      "attr_path": "talosctl",
      "broken": false,
      "derivation": "/nix/store/vfbia6gf9by2f8clpxmfzl0qf84p1nnl-talosctl-1.12.3.drv",
      "description": "CLI for out-of-band management of Kubernetes nodes created by Talos",
      "install_id": "talosctl",
      "license": "MPL-2.0",
      "locked_url": "https://github.com/flox/nixpkgs?rev=0182a361324364ae3f436a63005877674cf45efb",
      "name": "talosctl-1.12.3",
      "pname": "talosctl",
      "rev": "0182a361324364ae3f436a63005877674cf45efb",
      "rev_count": 948083,
      "rev_date": "2026-02-17T23:04:30Z",
      "scrape_date": "2026-02-19T06:26:05.810535Z",
      "stabilities": [
        "unstable",
        "staging"
      ],
      "unfree": false,
      "version": "1.12.3",
      "outputs_to_install": [
        "out"
      ],
      "outputs": {
        "out": "/nix/store/2ysspr3fhawvbpj11mmcg7jcmd91kqsf-talosctl-1.12.3"
      },
      "system": "x86_64-linux",
      "group": "toplevel",
      "priority": 5
    },
    {
      "attr_path": "tilt",
      "broken": false,
      "derivation": "/nix/store/q2n2p9gcsbijgsd8gsnhy80yrpqfizrf-tilt-0.36.3.drv",
      "description": "Local development tool to manage your developer instance when your team deploys to Kubernetes in production",
      "install_id": "tilt",
      "license": "Apache-2.0",
      "locked_url": "https://github.com/flox/nixpkgs?rev=0182a361324364ae3f436a63005877674cf45efb",
      "name": "tilt-0.36.3",
      "pname": "tilt",
      "rev": "0182a361324364ae3f436a63005877674cf45efb",
      "rev_count": 948083,
      "rev_date": "2026-02-17T23:04:30Z",
      "scrape_date": "2026-02-19T05:15:52.858407Z",
      "stabilities": [
        "unstable",
        "staging"
      ],
      "unfree": false,
      "version": "0.36.3",
      "outputs_to_install": [
        "out"
      ],
      "outputs": {
        "out": "/nix/store/ga4an8xiywlp9wq8rfijfknpvq0sai1x-tilt-0.36.3"
      },
      "system": "aarch64-linux",
      "group": "toplevel",
      "priority": 5
    },
    {
      "attr_path": "tilt",
      "broken": false,
      "derivation": "/nix/store/8r2lfhi2biw227ifxh83y7d9ymkq4aq8-tilt-0.36.3.drv",
      "description": "Local development tool to manage your developer instance when your team deploys to Kubernetes in production",
      "install_id": "tilt",
      "license": "Apache-2.0",
      "locked_url": "https://github.com/flox/nixpkgs?rev=0182a361324364ae3f436a63005877674cf45efb",
      "name": "tilt-0.36.3",
      "pname": "tilt",
      "rev": "0182a361324364ae3f436a63005877674cf45efb",
      "rev_count": 948083,
      "rev_date": "2026-02-17T23:04:30Z",
      "scrape_date": "2026-02-19T06:26:35.964046Z",
      "stabilities": [
        "unstable",
        "staging"
      ],
      "unfree": false,
      "version": "0.36.3",
      "outputs_to_install": [
        "out"
      ],
      "outputs": {
        "out": "/nix/store/iiln244ydcl65rhfzd0krqz6qq759jjc-tilt-0.36.3"
      },
      "system": "x86_64-linux",
      "group": "toplevel",
      "priority": 5
    }
  ]
}
